certifi==2021.10.8
charset-normalizer==2.0.9
flake8==4.0.1
idna==3.3
investpy==1.0.7
jpbizday==0.0.3
jpholiday==0.1.8
lxml==4.7.1
mccabe==0.6.1
mysql-connector-python==8.0.27
numpy==1.21.5
pandas==1.3.5
protobuf==3.19.1
pycodestyle==2.8.0
pyflakes==2.4.0
python-dateutil==2.8.2
pytz==2021.3
requests==2.26.0
schedule==1.1.0
scipy==1.7.3
six==1.16.0
Unidecode==1.3.2
urllib3==1.26.7
